
Microsoft Visual Studio Solution File, Format Version 12.00
# Visual Studio Version 17
VisualStudioVersion = 17.3.32929.385
MinimumVisualStudioVersion = 10.0.40219.1
Project("{FAE04EC0-301F-11D3-BF4B-00C04F79EFBC}") = "WebApplication1", "WebApplication1\WebApplication1.csproj", "{8A31DAE0-825D-44E7-963F-EC039F51867F}"
EndProject
Global
	GlobalSection(SolutionConfigurationPlatforms) = preSolution
		Debug|Any CPU = Debug|Any CPU
		Release|Any CPU = Release|Any CPU
	EndGlobalSection
	GlobalSection(ProjectConfigurationPlatforms) = postSolution
		{8A31DAE0-825D-44E7-963F-EC039F51867F}.Debug|Any CPU.ActiveCfg = Debug|Any CPU
		{8A31DAE0-825D-44E7-963F-EC039F51867F}.Debug|Any CPU.Build.0 = Debug|Any CPU
		{8A31DAE0-825D-44E7-963F-EC039F51867F}.Release|Any CPU.ActiveCfg = Release|Any CPU
		{8A31DAE0-825D-44E7-963F-EC039F51867F}.Release|Any CPU.Build.0 = Release|Any CPU
	EndGlobalSection
	GlobalSection(SolutionProperties) = preSolution
		HideSolutionNode = FALSE
	EndGlobalSection
	GlobalSection(ExtensibilityGlobals) = postSolution
		SolutionGuid = {18C1BF6B-2838-4BC1-9360-067B81AB9702}
	EndGlobalSection
EndGlobal
